# THIS IS AN AUTOGENERATED FILE. DO NOT EDIT THIS FILE DIRECTLY.
# yarn lockfile v1


"@fontsource/jetbrains-mono@4.5.10":
  version "4.5.10"
  resolved "https://registry.yarnpkg.com/@fontsource/jetbrains-mono/-/jetbrains-mono-4.5.10.tgz#c237505aeea535cf6ce1462c4ea39258f0677c2b"
  integrity sha512-dylbkBmAWL0fkjDpDoDbQCwTQ/W3DzLtVXmwGyAyttfKliPGSP2WpAmmMFYp9NpqFMF7CLprFyzppe8u39Orkw==

animate.css@^4.1.1:
  version "4.1.1"
  resolved "https://registry.yarnpkg.com/animate.css/-/animate.css-4.1.1.tgz#614ec5a81131d7e4dc362a58143f7406abd68075"
  integrity sha512-+mRmCTv6SbCmtYJCN4faJMNFVNN5EuCTTprDTAo7YzIGji2KADmakjVA3+8mVDkZ2Bf09vayB35lSQIex2+QaQ==

lucide-static@^0.548.0:
  version "0.548.0"
  resolved "https://registry.yarnpkg.com/lucide-static/-/lucide-static-0.548.0.tgz#b79178cea5847072983988faf78d34195ea25995"
  integrity sha512-gU7B6abtKtsw7DuSl1rsSKybMHja11g6I/2XYS6QLXnhD3jAirO3h4zP1ztV9epcjxiCtfXFIfsfqdD2gN5Icw==

normalize.css@^8.0.1:
  version "8.0.1"
  resolved "https://registry.yarnpkg.com/normalize.css/-/normalize.css-8.0.1.tgz#9b98a208738b9cc2634caacbc42d131c97487bf3"
  integrity sha512-qizSNPO93t1YUuUhP22btGOo3chcvDFqFaj2TRybP0DMxkHOCTYwp3n34fel4a31ORXy4m1Xq0Gyqpb5m33qIg==

pp-events@^1.3.4:
  version "1.3.4"
  resolved "https://registry.yarnpkg.com/pp-events/-/pp-events-1.3.4.tgz#7f75a0ef48261e905b360bc0ec6da498531912c7"
  integrity sha512-xUi49MDRNlVPeDDH/BOih4txXmScuYiS4eju2k0DWDMJWcw26rDTUAnBh61LuN+U6c/1W9IpmOEf/YCsgwh7NQ==
  dependencies:
    pp-is "^1.2.4"

pp-is@^1.0.0, pp-is@^1.2.4, pp-is@^1.2.7:
  version "1.2.7"
  resolved "https://registry.yarnpkg.com/pp-is/-/pp-is-1.2.7.tgz#244fd8b607d5d935ee8513e3f78ed5035ffa1c42"
  integrity sha512-BvUzu9yrjoNsQW+SiZi6BUgiq/rxZAkjMesKcexACBB5Z75/m8QrDKjh3e4fguhKqmicNBv7Q269aIpO7jDCVQ==

pp-router.js@^2.1.8:
  version "2.1.8"
  resolved "https://registry.yarnpkg.com/pp-router.js/-/pp-router.js-2.1.8.tgz#3d8bca7dbd68a580f62d928182e6a307edaf66f7"
  integrity sha512-5Qj8gX7Bhk6Rtue7BPybCxvQ19pMa0br0bUEpoSJhkZi8bgnTcL2OfY7LIHX1uYcPCMYf2U5PgqR584LEzkY+A==
  dependencies:
    pp-is "^1.0.0"
