# THIS IS AN AUTOGENERATED FILE. DO NOT EDIT THIS FILE DIRECTLY.
# yarn lockfile v1


"@fontsource/jetbrains-mono@4.5.10":
  version "4.5.10"
  resolved "https://registry.yarnpkg.com/@fontsource/jetbrains-mono/-/jetbrains-mono-4.5.10.tgz#c237505aeea535cf6ce1462c4ea39258f0677c2b"
  integrity sha512-dylbkBmAWL0fkjDpDoDbQCwTQ/W3DzLtVXmwGyAyttfKliPGSP2WpAmmMFYp9NpqFMF7CLprFyzppe8u39Orkw==

normalize.css@^8.0.1:
  version "8.0.1"
  resolved "https://registry.yarnpkg.com/normalize.css/-/normalize.css-8.0.1.tgz#9b98a208738b9cc2634caacbc42d131c97487bf3"
  integrity sha512-qizSNPO93t1YUuUhP22btGOo3chcvDFqFaj2TRybP0DMxkHOCTYwp3n34fel4a31ORXy4m1Xq0Gyqpb5m33qIg==
